
Microsoft Visual Studio Solution File, Format Version 12.00
# Visual Studio Version 16
VisualStudioVersion = 25.0.1703.3
MinimumVisualStudioVersion = 10.0.40219.1
Project("{FAE04EC0-301F-11D3-BF4B-00C04F79EFBC}") = "Dz2", "Dz2\Dz2.csproj", "{E2D3F412-F81E-4914-B39D-117D1446EE62}"
EndProject
Global
	GlobalSection(SolutionConfigurationPlatforms) = preSolution
		Debug|Any CPU = Debug|Any CPU
		Release|Any CPU = Release|Any CPU
	EndGlobalSection
	GlobalSection(ProjectConfigurationPlatforms) = postSolution
		{E2D3F412-F81E-4914-B39D-117D1446EE62}.Debug|Any CPU.ActiveCfg = Debug|Any CPU
		{E2D3F412-F81E-4914-B39D-117D1446EE62}.Debug|Any CPU.Build.0 = Debug|Any CPU
		{E2D3F412-F81E-4914-B39D-117D1446EE62}.Release|Any CPU.ActiveCfg = Release|Any CPU
		{E2D3F412-F81E-4914-B39D-117D1446EE62}.Release|Any CPU.Build.0 = Release|Any CPU
	EndGlobalSection
	GlobalSection(SolutionProperties) = preSolution
		HideSolutionNode = FALSE
	EndGlobalSection
	GlobalSection(ExtensibilityGlobals) = postSolution
		SolutionGuid = {CF73B6CF-1255-418B-8E96-9E527082D6A4}
	EndGlobalSection
EndGlobal
